
Microsoft Visual Studio Solution File, Format Version 12.00
# Visual Studio 15
VisualStudioVersion = 15.0.27428.2002
MinimumVisualStudioVersion = 10.0.40219.1
Project("{FAE04EC0-301F-11D3-BF4B-00C04F79EFBC}") = "Geyser", "Geyser\Geyser.csproj", "{A74C8F4C-787C-4DC3-B622-0A3CC3A49967}"
EndProject
Global
	GlobalSection(SolutionConfigurationPlatforms) = preSolution
		Debug|Any CPU = Debug|Any CPU
		Release|Any CPU = Release|Any CPU
	EndGlobalSection
	GlobalSection(ProjectConfigurationPlatforms) = postSolution
		{A74C8F4C-787C-4DC3-B622-0A3CC3A49967}.Debug|Any CPU.ActiveCfg = Debug|Any CPU
		{A74C8F4C-787C-4DC3-B622-0A3CC3A49967}.Debug|Any CPU.Build.0 = Debug|Any CPU
		{A74C8F4C-787C-4DC3-B622-0A3CC3A49967}.Release|Any CPU.ActiveCfg = Release|Any CPU
		{A74C8F4C-787C-4DC3-B622-0A3CC3A49967}.Release|Any CPU.Build.0 = Release|Any CPU
	EndGlobalSection
	GlobalSection(SolutionProperties) = preSolution
		HideSolutionNode = FALSE
	EndGlobalSection
	GlobalSection(ExtensibilityGlobals) = postSolution
		SolutionGuid = {292F6DF5-6121-44F6-A382-6B9B132063F6}
	EndGlobalSection
EndGlobal
