
Microsoft Visual Studio Solution File, Format Version 12.00
# Visual Studio 15
VisualStudioVersion = 15.0.27428.2002
MinimumVisualStudioVersion = 10.0.40219.1
Project("{FAE04EC0-301F-11D3-BF4B-00C04F79EFBC}") = "Geyser", "Geyser\Geyser.csproj", "{C7464608-6EC5-4FF3-BC67-593ED67FAFB0}"
EndProject
Global
	GlobalSection(SolutionConfigurationPlatforms) = preSolution
		Debug|Any CPU = Debug|Any CPU
		Release|Any CPU = Release|Any CPU
	EndGlobalSection
	GlobalSection(ProjectConfigurationPlatforms) = postSolution
		{C7464608-6EC5-4FF3-BC67-593ED67FAFB0}.Debug|Any CPU.ActiveCfg = Debug|Any CPU
		{C7464608-6EC5-4FF3-BC67-593ED67FAFB0}.Debug|Any CPU.Build.0 = Debug|Any CPU
		{C7464608-6EC5-4FF3-BC67-593ED67FAFB0}.Release|Any CPU.ActiveCfg = Release|Any CPU
		{C7464608-6EC5-4FF3-BC67-593ED67FAFB0}.Release|Any CPU.Build.0 = Release|Any CPU
	EndGlobalSection
	GlobalSection(SolutionProperties) = preSolution
		HideSolutionNode = FALSE
	EndGlobalSection
	GlobalSection(ExtensibilityGlobals) = postSolution
		SolutionGuid = {7080AE6F-6E68-4252-9BDD-8FD2E7CCCD1E}
	EndGlobalSection
EndGlobal
